
Microsoft Visual Studio Solution File, Format Version 12.00
# Visual Studio Version 16
VisualStudioVersion = 16.0.31729.503
MinimumVisualStudioVersion = 10.0.40219.1
Project("{FAE04EC0-301F-11D3-BF4B-00C04F79EFBC}") = "selasa", "selasa\selasa.csproj", "{6AFB2392-8C67-4F61-87E7-A9279FE69C4D}"
EndProject
Global
	GlobalSection(SolutionConfigurationPlatforms) = preSolution
		Debug|Any CPU = Debug|Any CPU
		Release|Any CPU = Release|Any CPU
	EndGlobalSection
	GlobalSection(ProjectConfigurationPlatforms) = postSolution
		{6AFB2392-8C67-4F61-87E7-A9279FE69C4D}.Debug|Any CPU.ActiveCfg = Debug|Any CPU
		{6AFB2392-8C67-4F61-87E7-A9279FE69C4D}.Debug|Any CPU.Build.0 = Debug|Any CPU
		{6AFB2392-8C67-4F61-87E7-A9279FE69C4D}.Release|Any CPU.ActiveCfg = Release|Any CPU
		{6AFB2392-8C67-4F61-87E7-A9279FE69C4D}.Release|Any CPU.Build.0 = Release|Any CPU
	EndGlobalSection
	GlobalSection(SolutionProperties) = preSolution
		HideSolutionNode = FALSE
	EndGlobalSection
	GlobalSection(ExtensibilityGlobals) = postSolution
		SolutionGuid = {85FE42D1-8E99-47DE-9257-E70C407E9C23}
	EndGlobalSection
EndGlobal
